
Microsoft Visual Studio Solution File, Format Version 12.00
# Visual Studio Version 16
VisualStudioVersion = 16.0.31005.135
MinimumVisualStudioVersion = 10.0.40219.1
Project("{FAE04EC0-301F-11D3-BF4B-00C04F79EFBC}") = "Central_Parcel", "Central_Parcel.csproj", "{37EBB5FB-A792-4D9F-B773-EADBB233CF09}"
EndProject
Global
	GlobalSection(SolutionConfigurationPlatforms) = preSolution
		Debug|Any CPU = Debug|Any CPU
		Release|Any CPU = Release|Any CPU
	EndGlobalSection
	GlobalSection(ProjectConfigurationPlatforms) = postSolution
		{37EBB5FB-A792-4D9F-B773-EADBB233CF09}.Debug|Any CPU.ActiveCfg = Debug|Any CPU
		{37EBB5FB-A792-4D9F-B773-EADBB233CF09}.Debug|Any CPU.Build.0 = Debug|Any CPU
		{37EBB5FB-A792-4D9F-B773-EADBB233CF09}.Release|Any CPU.ActiveCfg = Release|Any CPU
		{37EBB5FB-A792-4D9F-B773-EADBB233CF09}.Release|Any CPU.Build.0 = Release|Any CPU
	EndGlobalSection
	GlobalSection(SolutionProperties) = preSolution
		HideSolutionNode = FALSE
	EndGlobalSection
	GlobalSection(ExtensibilityGlobals) = postSolution
		SolutionGuid = {0C239144-3070-4852-AE4A-73FBE246728A}
	EndGlobalSection
EndGlobal
